// !$*UTF8*$!
{
	archiveVersion = 1;
	classes = {
	};
	objectVersion = 50;
	objects = {

/* Begin PBXBuildFile section */
		6599458A2407BEE8001C46D1 /* main.cpp in Sources */ = {isa = PBXBuildFile; fileRef = 659945892407BEE8001C46D1 /* main.cpp */; };
		659945932407BFAA001C46D1 /* Cl_RAM.cpp in Sources */ = {isa = PBXBuildFile; fileRef = 659945912407BFAA001C46D1 /* Cl_RAM.cpp */; };
		659945962407C0F6001C46D1 /* BIOS.cpp in Sources */ = {isa = PBXBuildFile; fileRef = 659945942407C0F6001C46D1 /* BIOS.cpp */; };
		659945992407C423001C46D1 /* Cl_Byte.cpp in Sources */ = {isa = PBXBuildFile; fileRef = 659945972407C423001C46D1 /* Cl_Byte.cpp */; };
		65F7470E2408057E00E5A602 /* Cl_ASCII.cpp in Sources */ = {isa = PBXBuildFile; fileRef = 65F7470C2408057E00E5A602 /* Cl_ASCII.cpp */; };
/* End PBXBuildFile section */

/* Begin PBXCopyFilesBuildPhase section */
		659945842407BEE8001C46D1 /* CopyFiles */ = {
			isa = PBXCopyFilesBuildPhase;
			buildActionMask = 2147483647;
			dstPath = /usr/share/man/man1/;
			dstSubfolderSpec = 0;
			files = (
			);
			runOnlyForDeploymentPostprocessing = 1;
		};
/* End PBXCopyFilesBuildPhase section */

/* Begin PBXFileReference section */
		659945862407BEE8001C46D1 /* Basic_system */ = {isa = PBXFileReference; explicitFileType = "compiled.mach-o.executable"; includeInIndex = 0; path = Basic_system; sourceTree = BUILT_PRODUCTS_DIR; };
		659945892407BEE8001C46D1 /* main.cpp */ = {isa = PBXFileReference; lastKnownFileType = sourcecode.cpp.cpp; path = main.cpp; sourceTree = "<group>"; };
		659945902407BFAA001C46D1 /* Cl_RAM.hpp */ = {isa = PBXFileReference; fileEncoding = 4; lastKnownFileType = sourcecode.cpp.h; path = Cl_RAM.hpp; sourceTree = "<group>"; };
		659945912407BFAA001C46D1 /* Cl_RAM.cpp */ = {isa = PBXFileReference; fileEncoding = 4; lastKnownFileType = sourcecode.cpp.cpp; path = Cl_RAM.cpp; sourceTree = "<group>"; };
		659945922407BFAA001C46D1 /* Header.h */ = {isa = PBXFileReference; fileEncoding = 4; lastKnownFileType = sourcecode.c.h; path = Header.h; sourceTree = "<group>"; };
		659945942407C0F6001C46D1 /* BIOS.cpp */ = {isa = PBXFileReference; lastKnownFileType = sourcecode.cpp.cpp; path = BIOS.cpp; sourceTree = "<group>"; };
		659945952407C0F6001C46D1 /* BIOS.hpp */ = {isa = PBXFileReference; lastKnownFileType = sourcecode.cpp.h; path = BIOS.hpp; sourceTree = "<group>"; };
		659945972407C423001C46D1 /* Cl_Byte.cpp */ = {isa = PBXFileReference; lastKnownFileType = sourcecode.cpp.cpp; path = Cl_Byte.cpp; sourceTree = "<group>"; };
		659945982407C423001C46D1 /* Cl_Byte.hpp */ = {isa = PBXFileReference; lastKnownFileType = sourcecode.cpp.h; path = Cl_Byte.hpp; sourceTree = "<group>"; };
		65F7470C2408057E00E5A602 /* Cl_ASCII.cpp */ = {isa = PBXFileReference; lastKnownFileType = sourcecode.cpp.cpp; path = Cl_ASCII.cpp; sourceTree = "<group>"; };
		65F7470D2408057E00E5A602 /* Cl_ASCII.hpp */ = {isa = PBXFileReference; lastKnownFileType = sourcecode.cpp.h; path = Cl_ASCII.hpp; sourceTree = "<group>"; };
/* End PBXFileReference section */

/* Begin PBXFrameworksBuildPhase section */
		659945832407BEE8001C46D1 /* Frameworks */ = {
			isa = PBXFrameworksBuildPhase;
			buildActionMask = 2147483647;
			files = (
			);
			runOnlyForDeploymentPostprocessing = 0;
		};
/* End PBXFrameworksBuildPhase section */

/* Begin PBXGroup section */
		6599457D2407BEE8001C46D1 = {
			isa = PBXGroup;
			children = (
				659945882407BEE8001C46D1 /* Basic_system */,
				659945872407BEE8001C46D1 /* Products */,
			);
			sourceTree = "<group>";
		};
		659945872407BEE8001C46D1 /* Products */ = {
			isa = PBXGroup;
			children = (
				659945862407BEE8001C46D1 /* Basic_system */,
			);
			name = Products;
			sourceTree = "<group>";
		};
		659945882407BEE8001C46D1 /* Basic_system */ = {
			isa = PBXGroup;
			children = (
				659945922407BFAA001C46D1 /* Header.h */,
				659945892407BEE8001C46D1 /* main.cpp */,
				65F7470D2408057E00E5A602 /* Cl_ASCII.hpp */,
				65F7470C2408057E00E5A602 /* Cl_ASCII.cpp */,
				659945902407BFAA001C46D1 /* Cl_RAM.hpp */,
				659945912407BFAA001C46D1 /* Cl_RAM.cpp */,
				659945982407C423001C46D1 /* Cl_Byte.hpp */,
				659945972407C423001C46D1 /* Cl_Byte.cpp */,
				659945942407C0F6001C46D1 /* BIOS.cpp */,
				659945952407C0F6001C46D1 /* BIOS.hpp */,
			);
			path = Basic_system;
			sourceTree = "<group>";
		};
/* End PBXGroup section */

/* Begin PBXNativeTarget section */
		659945852407BEE8001C46D1 /* Basic_system */ = {
			isa = PBXNativeTarget;
			buildConfigurationList = 6599458D2407BEE8001C46D1 /* Build configuration list for PBXNativeTarget "Basic_system" */;
			buildPhases = (
				659945822407BEE8001C46D1 /* Sources */,
				659945832407BEE8001C46D1 /* Frameworks */,
				659945842407BEE8001C46D1 /* CopyFiles */,
			);
			buildRules = (
			);
			dependencies = (
			);
			name = Basic_system;
			productName = Basic_system;
			productReference = 659945862407BEE8001C46D1 /* Basic_system */;
			productType = "com.apple.product-type.tool";
		};
/* End PBXNativeTarget section */

/* Begin PBXProject section */
		6599457E2407BEE8001C46D1 /* Project object */ = {
			isa = PBXProject;
			attributes = {
				LastUpgradeCheck = 1130;
				ORGANIZATIONNAME = Daniel;
				TargetAttributes = {
					659945852407BEE8001C46D1 = {
						CreatedOnToolsVersion = 11.3.1;
					};
				};
			};
			buildConfigurationList = 659945812407BEE8001C46D1 /* Build configuration list for PBXProject "Basic_system" */;
			compatibilityVersion = "Xcode 9.3";
			developmentRegion = en;
			hasScannedForEncodings = 0;
			knownRegions = (
				en,
				Base,
			);
			mainGroup = 6599457D2407BEE8001C46D1;
			productRefGroup = 659945872407BEE8001C46D1 /* Products */;
			projectDirPath = "";
			projectRoot = "";
			targets = (
				659945852407BEE8001C46D1 /* Basic_system */,
			);
		};
/* End PBXProject section */

/* Begin PBXSourcesBuildPhase section */
		659945822407BEE8001C46D1 /* Sources */ = {
			isa = PBXSourcesBuildPhase;
			buildActionMask = 2147483647;
			files = (
				659945962407C0F6001C46D1 /* BIOS.cpp in Sources */,
				6599458A2407BEE8001C46D1 /* main.cpp in Sources */,
				659945992407C423001C46D1 /* Cl_Byte.cpp in Sources */,
				65F7470E2408057E00E5A602 /* Cl_ASCII.cpp in Sources */,
				659945932407BFAA001C46D1 /* Cl_RAM.cpp in Sources */,
			);
			runOnlyForDeploymentPostprocessing = 0;
		};
/* End PBXSourcesBuildPhase section */

/* Begin XCBuildConfiguration section */
		6599458B2407BEE8001C46D1 /* Debug */ = {
			isa = XCBuildConfiguration;
			buildSettings = {
				ALWAYS_SEARCH_USER_PATHS = NO;
				CLANG_ANALYZER_NONNULL = YES;
				CLANG_ANALYZER_NUMBER_OBJECT_CONVERSION = YES_AGGRESSIVE;
				CLANG_CXX_LANGUAGE_STANDARD = "gnu++14";
				CLANG_CXX_LIBRARY = "libc++";
				CLANG_ENABLE_MODULES = YES;
				CLANG_ENABLE_OBJC_ARC = YES;
				CLANG_ENABLE_OBJC_WEAK = YES;
				CLANG_WARN_BLOCK_CAPTURE_AUTORELEASING = YES;
				CLANG_WARN_BOOL_CONVERSION = YES;
				CLANG_WARN_COMMA = YES;
				CLANG_WARN_CONSTANT_CONVERSION = YES;
				CLANG_WARN_DEPRECATED_OBJC_IMPLEMENTATIONS = YES;
				CLANG_WARN_DIRECT_OBJC_ISA_USAGE = YES_ERROR;
				CLANG_WARN_DOCUMENTATION_COMMENTS = YES;
				CLANG_WARN_EMPTY_BODY = YES;
				CLANG_WARN_ENUM_CONVERSION = YES;
				CLANG_WARN_INFINITE_RECURSION = YES;
				CLANG_WARN_INT_CONVERSION = YES;
				CLANG_WARN_NON_LITERAL_NULL_CONVERSION = YES;
				CLANG_WARN_OBJC_IMPLICIT_RETAIN_SELF = YES;
				CLANG_WARN_OBJC_LITERAL_CONVERSION = YES;
				CLANG_WARN_OBJC_ROOT_CLASS = YES_ERROR;
				CLANG_WARN_RANGE_LOOP_ANALYSIS = YES;
				CLANG_WARN_STRICT_PROTOTYPES = YES;
				CLANG_WARN_SUSPICIOUS_MOVE = YES;
				CLANG_WARN_UNGUARDED_AVAILABILITY = YES_AGGRESSIVE;
				CLANG_WARN_UNREACHABLE_CODE = YES;
				CLANG_WARN__DUPLICATE_METHOD_MATCH = YES;
				COPY_PHASE_STRIP = NO;
				DEBUG_INFORMATION_FORMAT = dwarf;
				ENABLE_STRICT_OBJC_MSGSEND = YES;
				ENABLE_TESTABILITY = YES;
				GCC_C_LANGUAGE_STANDARD = gnu11;
				GCC_DYNAMIC_NO_PIC = NO;
				GCC_NO_COMMON_BLOCKS = YES;
				GCC_OPTIMIZATION_LEVEL = 0;
				GCC_PREPROCESSOR_DEFINITIONS = (
					"DEBUG=1",
					"$(inherited)",
				);
				GCC_WARN_64_TO_32_BIT_CONVERSION = YES;
				GCC_WARN_ABOUT_RETURN_TYPE = YES_ERROR;
				GCC_WARN_UNDECLARED_SELECTOR = YES;
				GCC_WARN_UNINITIALIZED_AUTOS = YES_AGGRESSIVE;
				GCC_WARN_UNUSED_FUNCTION = YES;
				GCC_WARN_UNUSED_VARIABLE = YES;
				MACOSX_DEPLOYMENT_TARGET = 10.15;
				MTL_ENABLE_DEBUG_INFO = INCLUDE_SOURCE;
				MTL_FAST_MATH = YES;
				ONLY_ACTIVE_ARCH = YES;
				SDKROOT = macosx;
			};
			name = Debug;
		};
		6599458C2407BEE8001C46D1 /* Release */ = {
			isa = XCBuildConfiguration;
			buildSettings = {
				ALWAYS_SEARCH_USER_PATHS = NO;
				CLANG_ANALYZER_NONNULL = YES;
				CLANG_ANALYZER_NUMBER_OBJECT_CONVERSION = YES_AGGRESSIVE;
				CLANG_CXX_LANGUAGE_STANDARD = "gnu++14";
				CLANG_CXX_LIBRARY = "libc++";
				CLANG_ENABLE_MODULES = YES;
				CLANG_ENABLE_OBJC_ARC = YES;
				CLANG_ENABLE_OBJC_WEAK = YES;
				CLANG_WARN_BLOCK_CAPTURE_AUTORELEASING = YES;
				CLANG_WARN_BOOL_CONVERSION = YES;
				CLANG_WARN_COMMA = YES;
				CLANG_WARN_CONSTANT_CONVERSION = YES;
				CLANG_WARN_DEPRECATED_OBJC_IMPLEMENTATIONS = YES;
				CLANG_WARN_DIRECT_OBJC_ISA_USAGE = YES_ERROR;
				CLANG_WARN_DOCUMENTATION_COMMENTS = YES;
				CLANG_WARN_EMPTY_BODY = YES;
				CLANG_WARN_ENUM_CONVERSION = YES;
				CLANG_WARN_INFINITE_RECURSION = YES;
				CLANG_WARN_INT_CONVERSION = YES;
				CLANG_WARN_NON_LITERAL_NULL_CONVERSION = YES;
				CLANG_WARN_OBJC_IMPLICIT_RETAIN_SELF = YES;
				CLANG_WARN_OBJC_LITERAL_CONVERSION = YES;
				CLANG_WARN_OBJC_ROOT_CLASS = YES_ERROR;
				CLANG_WARN_RANGE_LOOP_ANALYSIS = YES;
				CLANG_WARN_STRICT_PROTOTYPES = YES;
				CLANG_WARN_SUSPICIOUS_MOVE = YES;
				CLANG_WARN_UNGUARDED_AVAILABILITY = YES_AGGRESSIVE;
				CLANG_WARN_UNREACHABLE_CODE = YES;
				CLANG_WARN__DUPLICATE_METHOD_MATCH = YES;
				COPY_PHASE_STRIP = NO;
				DEBUG_INFORMATION_FORMAT = "dwarf-with-dsym";
				ENABLE_NS_ASSERTIONS = NO;
				ENABLE_STRICT_OBJC_MSGSEND = YES;
				GCC_C_LANGUAGE_STANDARD = gnu11;
				GCC_NO_COMMON_BLOCKS = YES;
				GCC_WARN_64_TO_32_BIT_CONVERSION = YES;
				GCC_WARN_ABOUT_RETURN_TYPE = YES_ERROR;
				GCC_WARN_UNDECLARED_SELECTOR = YES;
				GCC_WARN_UNINITIALIZED_AUTOS = YES_AGGRESSIVE;
				GCC_WARN_UNUSED_FUNCTION = YES;
				GCC_WARN_UNUSED_VARIABLE = YES;
				MACOSX_DEPLOYMENT_TARGET = 10.15;
				MTL_ENABLE_DEBUG_INFO = NO;
				MTL_FAST_MATH = YES;
				SDKROOT = macosx;
			};
			name = Release;
		};
		6599458E2407BEE8001C46D1 /* Debug */ = {
			isa = XCBuildConfiguration;
			buildSettings = {
				CODE_SIGN_STYLE = Automatic;
				DEVELOPMENT_TEAM = T9DC4AP864;
				ENABLE_HARDENED_RUNTIME = YES;
				PRODUCT_NAME = "$(TARGET_NAME)";
			};
			name = Debug;
		};
		6599458F2407BEE8001C46D1 /* Release */ = {
			isa = XCBuildConfiguration;
			buildSettings = {
				CODE_SIGN_STYLE = Automatic;
				DEVELOPMENT_TEAM = T9DC4AP864;
				ENABLE_HARDENED_RUNTIME = YES;
				PRODUCT_NAME = "$(TARGET_NAME)";
			};
			name = Release;
		};
/* End XCBuildConfiguration section */

/* Begin XCConfigurationList section */
		659945812407BEE8001C46D1 /* Build configuration list for PBXProject "Basic_system" */ = {
			isa = XCConfigurationList;
			buildConfigurations = (
				6599458B2407BEE8001C46D1 /* Debug */,
				6599458C2407BEE8001C46D1 /* Release */,
			);
			defaultConfigurationIsVisible = 0;
			defaultConfigurationName = Release;
		};
		6599458D2407BEE8001C46D1 /* Build configuration list for PBXNativeTarget "Basic_system" */ = {
			isa = XCConfigurationList;
			buildConfigurations = (
				6599458E2407BEE8001C46D1 /* Debug */,
				6599458F2407BEE8001C46D1 /* Release */,
			);
			defaultConfigurationIsVisible = 0;
			defaultConfigurationName = Release;
		};
/* End XCConfigurationList section */
	};
	rootObject = 6599457E2407BEE8001C46D1 /* Project object */;
}
